
Microsoft Visual Studio Solution File, Format Version 12.00
# Visual Studio 15
VisualStudioVersion = 15.0.28307.572
MinimumVisualStudioVersion = 10.0.40219.1
Project("{FAE04EC0-301F-11D3-BF4B-00C04F79EFBC}") = "Flux.Presentation", "Flux.Presentation\Flux.Presentation.csproj", "{36AF531A-D5B7-454D-8190-CC7DA5244568}"
EndProject
Project("{FAE04EC0-301F-11D3-BF4B-00C04F79EFBC}") = "Flux.Domain", "Flux.Domain\Flux.Domain.csproj", "{2A90C7D3-5707-42E0-BE82-C67F6A00C765}"
EndProject
Project("{FAE04EC0-301F-11D3-BF4B-00C04F79EFBC}") = "Flux.Service", "Flux.Service\Flux.Service.csproj", "{ECEE3310-D91F-43CA-9D13-2CDFB3CAAE56}"
EndProject
Project("{FAE04EC0-301F-11D3-BF4B-00C04F79EFBC}") = "Flux.CrossCutting", "Flux.CrossCutting\Flux.CrossCutting.csproj", "{BB90DA45-3427-4120-BF40-9AE9941FCD98}"
EndProject
Project("{FAE04EC0-301F-11D3-BF4B-00C04F79EFBC}") = "Flux.Infra", "Flux.Infra\Flux.Infra.csproj", "{5E5DAAAF-07BD-4089-ABEE-D79E2AE576E3}"
EndProject
Project("{FAE04EC0-301F-11D3-BF4B-00C04F79EFBC}") = "Flux.Model", "Flux.Model\Flux.Model.csproj", "{F65A418A-B160-481D-9BA4-7BAA5BC304D6}"
EndProject
Global
	GlobalSection(SolutionConfigurationPlatforms) = preSolution
		Debug|Any CPU = Debug|Any CPU
		Release|Any CPU = Release|Any CPU
	EndGlobalSection
	GlobalSection(ProjectConfigurationPlatforms) = postSolution
		{36AF531A-D5B7-454D-8190-CC7DA5244568}.Debug|Any CPU.ActiveCfg = Debug|Any CPU
		{36AF531A-D5B7-454D-8190-CC7DA5244568}.Debug|Any CPU.Build.0 = Debug|Any CPU
		{36AF531A-D5B7-454D-8190-CC7DA5244568}.Release|Any CPU.ActiveCfg = Release|Any CPU
		{36AF531A-D5B7-454D-8190-CC7DA5244568}.Release|Any CPU.Build.0 = Release|Any CPU
		{2A90C7D3-5707-42E0-BE82-C67F6A00C765}.Debug|Any CPU.ActiveCfg = Debug|Any CPU
		{2A90C7D3-5707-42E0-BE82-C67F6A00C765}.Debug|Any CPU.Build.0 = Debug|Any CPU
		{2A90C7D3-5707-42E0-BE82-C67F6A00C765}.Release|Any CPU.ActiveCfg = Release|Any CPU
		{2A90C7D3-5707-42E0-BE82-C67F6A00C765}.Release|Any CPU.Build.0 = Release|Any CPU
		{ECEE3310-D91F-43CA-9D13-2CDFB3CAAE56}.Debug|Any CPU.ActiveCfg = Debug|Any CPU
		{ECEE3310-D91F-43CA-9D13-2CDFB3CAAE56}.Debug|Any CPU.Build.0 = Debug|Any CPU
		{ECEE3310-D91F-43CA-9D13-2CDFB3CAAE56}.Release|Any CPU.ActiveCfg = Release|Any CPU
		{ECEE3310-D91F-43CA-9D13-2CDFB3CAAE56}.Release|Any CPU.Build.0 = Release|Any CPU
		{BB90DA45-3427-4120-BF40-9AE9941FCD98}.Debug|Any CPU.ActiveCfg = Debug|Any CPU
		{BB90DA45-3427-4120-BF40-9AE9941FCD98}.Debug|Any CPU.Build.0 = Debug|Any CPU
		{BB90DA45-3427-4120-BF40-9AE9941FCD98}.Release|Any CPU.ActiveCfg = Release|Any CPU
		{BB90DA45-3427-4120-BF40-9AE9941FCD98}.Release|Any CPU.Build.0 = Release|Any CPU
		{5E5DAAAF-07BD-4089-ABEE-D79E2AE576E3}.Debug|Any CPU.ActiveCfg = Debug|Any CPU
		{5E5DAAAF-07BD-4089-ABEE-D79E2AE576E3}.Debug|Any CPU.Build.0 = Debug|Any CPU
		{5E5DAAAF-07BD-4089-ABEE-D79E2AE576E3}.Release|Any CPU.ActiveCfg = Release|Any CPU
		{5E5DAAAF-07BD-4089-ABEE-D79E2AE576E3}.Release|Any CPU.Build.0 = Release|Any CPU
		{F65A418A-B160-481D-9BA4-7BAA5BC304D6}.Debug|Any CPU.ActiveCfg = Debug|Any CPU
		{F65A418A-B160-481D-9BA4-7BAA5BC304D6}.Debug|Any CPU.Build.0 = Debug|Any CPU
		{F65A418A-B160-481D-9BA4-7BAA5BC304D6}.Release|Any CPU.ActiveCfg = Release|Any CPU
		{F65A418A-B160-481D-9BA4-7BAA5BC304D6}.Release|Any CPU.Build.0 = Release|Any CPU
	EndGlobalSection
	GlobalSection(SolutionProperties) = preSolution
		HideSolutionNode = FALSE
	EndGlobalSection
	GlobalSection(ExtensibilityGlobals) = postSolution
		SolutionGuid = {1A477049-D783-447D-87F3-8BC3E60CCADF}
	EndGlobalSection
EndGlobal
